// !$*UTF8*$!
{
	archiveVersion = 1;
	classes = {
	};
	objectVersion = 77;
	objects = {

/* Begin PBXBuildFile section */
		44A3C1602EEA160D00CDDBFC /* FirebaseAnalytics in Frameworks */ = {isa = PBXBuildFile; productRef = 44A3C15F2EEA160D00CDDBFC /* FirebaseAnalytics */; };
		44A3C1622EEA160D00CDDBFC /* FirebaseAnalyticsCore in Frameworks */ = {isa = PBXBuildFile; productRef = 44A3C1612EEA160D00CDDBFC /* FirebaseAnalyticsCore */; };
		44A3C1642EEA160D00CDDBFC /* FirebaseAnalyticsIdentitySupport in Frameworks */ = {isa = PBXBuildFile; productRef = 44A3C1632EEA160D00CDDBFC /* FirebaseAnalyticsIdentitySupport */; };
		44A3C1662EEA160D00CDDBFC /* FirebaseAuth in Frameworks */ = {isa = PBXBuildFile; productRef = 44A3C1652EEA160D00CDDBFC /* FirebaseAuth */; };
		44A3C1682EEA160D00CDDBFC /* FirebaseAuthCombine-Community in Frameworks */ = {isa = PBXBuildFile; productRef = 44A3C1672EEA160D00CDDBFC /* FirebaseAuthCombine-Community */; };
		44A3C16A2EEA160D00CDDBFC /* FirebaseCore in Frameworks */ = {isa = PBXBuildFile; productRef = 44A3C1692EEA160D00CDDBFC /* FirebaseCore */; };
		44A3C16C2EEA160D00CDDBFC /* FirebaseDatabase in Frameworks */ = {isa = PBXBuildFile; productRef = 44A3C16B2EEA160D00CDDBFC /* FirebaseDatabase */; };
		44A3C16E2EEA160D00CDDBFC /* FirebaseFirestore in Frameworks */ = {isa = PBXBuildFile; productRef = 44A3C16D2EEA160D00CDDBFC /* FirebaseFirestore */; };
		44A3C1702EEA160D00CDDBFC /* FirebaseFirestoreCombine-Community in Frameworks */ = {isa = PBXBuildFile; productRef = 44A3C16F2EEA160D00CDDBFC /* FirebaseFirestoreCombine-Community */; };
		44A3C1722EEA160D00CDDBFC /* FirebaseStorage in Frameworks */ = {isa = PBXBuildFile; productRef = 44A3C1712EEA160D00CDDBFC /* FirebaseStorage */; };
		44A3C1742EEA160D00CDDBFC /* FirebaseStorageCombine-Community in Frameworks */ = {isa = PBXBuildFile; productRef = 44A3C1732EEA160D00CDDBFC /* FirebaseStorageCombine-Community */; };
/* End PBXBuildFile section */

/* Begin PBXFileReference section */
		4477AF1C2EC7E858002C274D /* LETSGO iOS App.app */ = {isa = PBXFileReference; explicitFileType = wrapper.application; includeInIndex = 0; path = "LETSGO iOS App.app"; sourceTree = BUILT_PRODUCTS_DIR; };
/* End PBXFileReference section */

/* Begin PBXFileSystemSynchronizedBuildFileExceptionSet section */
		4477AF2E2EC7E85B002C274D /* Exceptions for "LETSGO iOS App" folder in "LETSGO iOS App" target */ = {
			isa = PBXFileSystemSynchronizedBuildFileExceptionSet;
			membershipExceptions = (
				Info.plist,
			);
			target = 4477AF1B2EC7E858002C274D /* LETSGO iOS App */;
		};
/* End PBXFileSystemSynchronizedBuildFileExceptionSet section */

/* Begin PBXFileSystemSynchronizedRootGroup section */
		4477AF1E2EC7E858002C274D /* LETSGO iOS App */ = {
			isa = PBXFileSystemSynchronizedRootGroup;
			exceptions = (
				4477AF2E2EC7E85B002C274D /* Exceptions for "LETSGO iOS App" folder in "LETSGO iOS App" target */,
			);
			path = "LETSGO iOS App";
			sourceTree = "<group>";
		};
/* End PBXFileSystemSynchronizedRootGroup section */

/* Begin PBXFrameworksBuildPhase section */
		4477AF192EC7E858002C274D /* Frameworks */ = {
			isa = PBXFrameworksBuildPhase;
			buildActionMask = 2147483647;
			files = (
				44A3C1742EEA160D00CDDBFC /* FirebaseStorageCombine-Community in Frameworks */,
				44A3C1602EEA160D00CDDBFC /* FirebaseAnalytics in Frameworks */,
				44A3C1622EEA160D00CDDBFC /* FirebaseAnalyticsCore in Frameworks */,
				44A3C1642EEA160D00CDDBFC /* FirebaseAnalyticsIdentitySupport in Frameworks */,
				44A3C1722EEA160D00CDDBFC /* FirebaseStorage in Frameworks */,
				44A3C1702EEA160D00CDDBFC /* FirebaseFirestoreCombine-Community in Frameworks */,
				44A3C1662EEA160D00CDDBFC /* FirebaseAuth in Frameworks */,
				44A3C16A2EEA160D00CDDBFC /* FirebaseCore in Frameworks */,
				44A3C16E2EEA160D00CDDBFC /* FirebaseFirestore in Frameworks */,
				44A3C16C2EEA160D00CDDBFC /* FirebaseDatabase in Frameworks */,
				44A3C1682EEA160D00CDDBFC /* FirebaseAuthCombine-Community in Frameworks */,
			);
			runOnlyForDeploymentPostprocessing = 0;
		};
/* End PBXFrameworksBuildPhase section */

/* Begin PBXGroup section */
		4477AF132EC7E858002C274D = {
			isa = PBXGroup;
			children = (
				4477AF1E2EC7E858002C274D /* LETSGO iOS App */,
				4477AF1D2EC7E858002C274D /* Products */,
			);
			sourceTree = "<group>";
		};
		4477AF1D2EC7E858002C274D /* Products */ = {
			isa = PBXGroup;
			children = (
				4477AF1C2EC7E858002C274D /* LETSGO iOS App.app */,
			);
			name = Products;
			sourceTree = "<group>";
		};
/* End PBXGroup section */

/* Begin PBXNativeTarget section */
		4477AF1B2EC7E858002C274D /* LETSGO iOS App */ = {
			isa = PBXNativeTarget;
			buildConfigurationList = 4477AF2F2EC7E85B002C274D /* Build configuration list for PBXNativeTarget "LETSGO iOS App" */;
			buildPhases = (
				4477AF182EC7E858002C274D /* Sources */,
				4477AF192EC7E858002C274D /* Frameworks */,
				4477AF1A2EC7E858002C274D /* Resources */,
			);
			buildRules = (
			);
			dependencies = (
			);
			fileSystemSynchronizedGroups = (
				4477AF1E2EC7E858002C274D /* LETSGO iOS App */,
			);
			name = "LETSGO iOS App";
			packageProductDependencies = (
				44A3C15F2EEA160D00CDDBFC /* FirebaseAnalytics */,
				44A3C1612EEA160D00CDDBFC /* FirebaseAnalyticsCore */,
				44A3C1632EEA160D00CDDBFC /* FirebaseAnalyticsIdentitySupport */,
				44A3C1652EEA160D00CDDBFC /* FirebaseAuth */,
				44A3C1672EEA160D00CDDBFC /* FirebaseAuthCombine-Community */,
				44A3C1692EEA160D00CDDBFC /* FirebaseCore */,
				44A3C16B2EEA160D00CDDBFC /* FirebaseDatabase */,
				44A3C16D2EEA160D00CDDBFC /* FirebaseFirestore */,
				44A3C16F2EEA160D00CDDBFC /* FirebaseFirestoreCombine-Community */,
				44A3C1712EEA160D00CDDBFC /* FirebaseStorage */,
				44A3C1732EEA160D00CDDBFC /* FirebaseStorageCombine-Community */,
			);
			productName = "LETSGO iOS App";
			productReference = 4477AF1C2EC7E858002C274D /* LETSGO iOS App.app */;
			productType = "com.apple.product-type.application";
		};
/* End PBXNativeTarget section */

/* Begin PBXProject section */
		4477AF142EC7E858002C274D /* Project object */ = {
			isa = PBXProject;
			attributes = {
				BuildIndependentTargetsInParallel = 1;
				LastSwiftUpdateCheck = 2610;
				LastUpgradeCheck = 2610;
				TargetAttributes = {
					4477AF1B2EC7E858002C274D = {
						CreatedOnToolsVersion = 26.1.1;
					};
				};
			};
			buildConfigurationList = 4477AF172EC7E858002C274D /* Build configuration list for PBXProject "LETSGO iOS App" */;
			developmentRegion = en;
			hasScannedForEncodings = 0;
			knownRegions = (
				en,
				Base,
			);
			mainGroup = 4477AF132EC7E858002C274D;
			minimizedProjectReferenceProxies = 1;
			packageReferences = (
				44A3C15E2EEA160D00CDDBFC /* XCRemoteSwiftPackageReference "firebase-ios-sdk" */,
			);
			preferredProjectObjectVersion = 77;
			productRefGroup = 4477AF1D2EC7E858002C274D /* Products */;
			projectDirPath = "";
			projectRoot = "";
			targets = (
				4477AF1B2EC7E858002C274D /* LETSGO iOS App */,
			);
		};
/* End PBXProject section */

/* Begin PBXResourcesBuildPhase section */
		4477AF1A2EC7E858002C274D /* Resources */ = {
			isa = PBXResourcesBuildPhase;
			buildActionMask = 2147483647;
			files = (
			);
			runOnlyForDeploymentPostprocessing = 0;
		};
/* End PBXResourcesBuildPhase section */

/* Begin PBXSourcesBuildPhase section */
		4477AF182EC7E858002C274D /* Sources */ = {
			isa = PBXSourcesBuildPhase;
			buildActionMask = 2147483647;
			files = (
			);
			runOnlyForDeploymentPostprocessing = 0;
		};
/* End PBXSourcesBuildPhase section */

/* Begin XCBuildConfiguration section */
		4477AF302EC7E85B002C274D /* Debug */ = {
			isa = XCBuildConfiguration;
			buildSettings = {
				ASSETCATALOG_COMPILER_APPICON_NAME = AppIcon;
				ASSETCATALOG_COMPILER_GLOBAL_ACCENT_COLOR_NAME = AccentColor;
				CODE_SIGN_STYLE = Automatic;
				CURRENT_PROJECT_VERSION = 1;
				DEVELOPMENT_TEAM = AF365WNGWR;
				GENERATE_INFOPLIST_FILE = YES;
				INFOPLIST_FILE = "LETSGO iOS App/Info.plist";
				INFOPLIST_KEY_UIApplicationSupportsIndirectInputEvents = YES;
				INFOPLIST_KEY_UILaunchStoryboardName = LaunchScreen;
				INFOPLIST_KEY_UIMainStoryboardFile = Main;
				INFOPLIST_KEY_UISupportedInterfaceOrientations_iPad = "UIInterfaceOrientationPortrait UIInterfaceOrientationPortraitUpsideDown UIInterfaceOrientationLandscapeLeft UIInterfaceOrientationLandscapeRight";
				INFOPLIST_KEY_UISupportedInterfaceOrientations_iPhone = "UIInterfaceOrientationPortrait UIInterfaceOrientationLandscapeLeft UIInterfaceOrientationLandscapeRight";
				LD_RUNPATH_SEARCH_PATHS = (
					"$(inherited)",
					"@executable_path/Frameworks",
				);
				MARKETING_VERSION = 1.0;
				PRODUCT_BUNDLE_IDENTIFIER = "com.neuios.LETSGO-iOS-App";
				PRODUCT_NAME = "$(TARGET_NAME)";
				STRING_CATALOG_GENERATE_SYMBOLS = YES;
				SWIFT_APPROACHABLE_CONCURRENCY = YES;
				SWIFT_DEFAULT_ACTOR_ISOLATION = MainActor;
				SWIFT_EMIT_LOC_STRINGS = YES;
				SWIFT_UPCOMING_FEATURE_MEMBER_IMPORT_VISIBILITY = YES;
				SWIFT_VERSION = 5.0;
				TARGETED_DEVICE_FAMILY = "1,2";
			};
			name = Debug;
		};
		4477AF312EC7E85B002C274D /* Release */ = {
			isa = XCBuildConfiguration;
			buildSettings = {
				ASSETCATALOG_COMPILER_APPICON_NAME = AppIcon;
				ASSETCATALOG_COMPILER_GLOBAL_ACCENT_COLOR_NAME = AccentColor;
				CODE_SIGN_STYLE = Automatic;
				CURRENT_PROJECT_VERSION = 1;
				DEVELOPMENT_TEAM = AF365WNGWR;
				GENERATE_INFOPLIST_FILE = YES;
				INFOPLIST_FILE = "LETSGO iOS App/Info.plist";
				INFOPLIST_KEY_UIApplicationSupportsIndirectInputEvents = YES;
				INFOPLIST_KEY_UILaunchStoryboardName = LaunchScreen;
				INFOPLIST_KEY_UIMainStoryboardFile = Main;
				INFOPLIST_KEY_UISupportedInterfaceOrientations_iPad = "UIInterfaceOrientationPortrait UIInterfaceOrientationPortraitUpsideDown UIInterfaceOrientationLandscapeLeft UIInterfaceOrientationLandscapeRight";
				INFOPLIST_KEY_UISupportedInterfaceOrientations_iPhone = "UIInterfaceOrientationPortrait UIInterfaceOrientationLandscapeLeft UIInterfaceOrientationLandscapeRight";
				LD_RUNPATH_SEARCH_PATHS = (
					"$(inherited)",
					"@executable_path/Frameworks",
				);
				MARKETING_VERSION = 1.0;
				PRODUCT_BUNDLE_IDENTIFIER = "com.neuios.LETSGO-iOS-App";
				PRODUCT_NAME = "$(TARGET_NAME)";
				STRING_CATALOG_GENERATE_SYMBOLS = YES;
				SWIFT_APPROACHABLE_CONCURRENCY = YES;
				SWIFT_DEFAULT_ACTOR_ISOLATION = MainActor;
				SWIFT_EMIT_LOC_STRINGS = YES;
				SWIFT_UPCOMING_FEATURE_MEMBER_IMPORT_VISIBILITY = YES;
				SWIFT_VERSION = 5.0;
				TARGETED_DEVICE_FAMILY = "1,2";
			};
			name = Release;
		};
		4477AF322EC7E85B002C274D /* Debug */ = {
			isa = XCBuildConfiguration;
			buildSettings = {
				ALWAYS_SEARCH_USER_PATHS = NO;
				ASSETCATALOG_COMPILER_GENERATE_SWIFT_ASSET_SYMBOL_EXTENSIONS = YES;
				CLANG_ANALYZER_NONNULL = YES;
				CLANG_ANALYZER_NUMBER_OBJECT_CONVERSION = YES_AGGRESSIVE;
				CLANG_CXX_LANGUAGE_STANDARD = "gnu++20";
				CLANG_ENABLE_MODULES = YES;
				CLANG_ENABLE_OBJC_ARC = YES;
				CLANG_ENABLE_OBJC_WEAK = YES;
				CLANG_WARN_BLOCK_CAPTURE_AUTORELEASING = YES;
				CLANG_WARN_BOOL_CONVERSION = YES;
				CLANG_WARN_COMMA = YES;
				CLANG_WARN_CONSTANT_CONVERSION = YES;
				CLANG_WARN_DEPRECATED_OBJC_IMPLEMENTATIONS = YES;
				CLANG_WARN_DIRECT_OBJC_ISA_USAGE = YES_ERROR;
				CLANG_WARN_DOCUMENTATION_COMMENTS = YES;
				CLANG_WARN_EMPTY_BODY = YES;
				CLANG_WARN_ENUM_CONVERSION = YES;
				CLANG_WARN_INFINITE_RECURSION = YES;
				CLANG_WARN_INT_CONVERSION = YES;
				CLANG_WARN_NON_LITERAL_NULL_CONVERSION = YES;
				CLANG_WARN_OBJC_IMPLICIT_RETAIN_SELF = YES;
				CLANG_WARN_OBJC_LITERAL_CONVERSION = YES;
				CLANG_WARN_OBJC_ROOT_CLASS = YES_ERROR;
				CLANG_WARN_QUOTED_INCLUDE_IN_FRAMEWORK_HEADER = YES;
				CLANG_WARN_RANGE_LOOP_ANALYSIS = YES;
				CLANG_WARN_STRICT_PROTOTYPES = YES;
				CLANG_WARN_SUSPICIOUS_MOVE = YES;
				CLANG_WARN_UNGUARDED_AVAILABILITY = YES_AGGRESSIVE;
				CLANG_WARN_UNREACHABLE_CODE = YES;
				CLANG_WARN__DUPLICATE_METHOD_MATCH = YES;
				COPY_PHASE_STRIP = NO;
				DEBUG_INFORMATION_FORMAT = dwarf;
				DEVELOPMENT_TEAM = AF365WNGWR;
				ENABLE_STRICT_OBJC_MSGSEND = YES;
				ENABLE_TESTABILITY = YES;
				ENABLE_USER_SCRIPT_SANDBOXING = YES;
				GCC_C_LANGUAGE_STANDARD = gnu17;
				GCC_DYNAMIC_NO_PIC = NO;
				GCC_NO_COMMON_BLOCKS = YES;
				GCC_OPTIMIZATION_LEVEL = 0;
				GCC_PREPROCESSOR_DEFINITIONS = (
					"DEBUG=1",
					"$(inherited)",
				);
				GCC_WARN_64_TO_32_BIT_CONVERSION = YES;
				GCC_WARN_ABOUT_RETURN_TYPE = YES_ERROR;
				GCC_WARN_UNDECLARED_SELECTOR = YES;
				GCC_WARN_UNINITIALIZED_AUTOS = YES_AGGRESSIVE;
				GCC_WARN_UNUSED_FUNCTION = YES;
				GCC_WARN_UNUSED_VARIABLE = YES;
				IPHONEOS_DEPLOYMENT_TARGET = 26.1;
				LOCALIZATION_PREFERS_STRING_CATALOGS = YES;
				MTL_ENABLE_DEBUG_INFO = INCLUDE_SOURCE;
				MTL_FAST_MATH = YES;
				ONLY_ACTIVE_ARCH = YES;
				SDKROOT = iphoneos;
				SWIFT_ACTIVE_COMPILATION_CONDITIONS = "DEBUG $(inherited)";
				SWIFT_OPTIMIZATION_LEVEL = "-Onone";
			};
			name = Debug;
		};
		4477AF332EC7E85B002C274D /* Release */ = {
			isa = XCBuildConfiguration;
			buildSettings = {
				ALWAYS_SEARCH_USER_PATHS = NO;
				ASSETCATALOG_COMPILER_GENERATE_SWIFT_ASSET_SYMBOL_EXTENSIONS = YES;
				CLANG_ANALYZER_NONNULL = YES;
				CLANG_ANALYZER_NUMBER_OBJECT_CONVERSION = YES_AGGRESSIVE;
				CLANG_CXX_LANGUAGE_STANDARD = "gnu++20";
				CLANG_ENABLE_MODULES = YES;
				CLANG_ENABLE_OBJC_ARC = YES;
				CLANG_ENABLE_OBJC_WEAK = YES;
				CLANG_WARN_BLOCK_CAPTURE_AUTORELEASING = YES;
				CLANG_WARN_BOOL_CONVERSION = YES;
				CLANG_WARN_COMMA = YES;
				CLANG_WARN_CONSTANT_CONVERSION = YES;
				CLANG_WARN_DEPRECATED_OBJC_IMPLEMENTATIONS = YES;
				CLANG_WARN_DIRECT_OBJC_ISA_USAGE = YES_ERROR;
				CLANG_WARN_DOCUMENTATION_COMMENTS = YES;
				CLANG_WARN_EMPTY_BODY = YES;
				CLANG_WARN_ENUM_CONVERSION = YES;
				CLANG_WARN_INFINITE_RECURSION = YES;
				CLANG_WARN_INT_CONVERSION = YES;
				CLANG_WARN_NON_LITERAL_NULL_CONVERSION = YES;
				CLANG_WARN_OBJC_IMPLICIT_RETAIN_SELF = YES;
				CLANG_WARN_OBJC_LITERAL_CONVERSION = YES;
				CLANG_WARN_OBJC_ROOT_CLASS = YES_ERROR;
				CLANG_WARN_QUOTED_INCLUDE_IN_FRAMEWORK_HEADER = YES;
				CLANG_WARN_RANGE_LOOP_ANALYSIS = YES;
				CLANG_WARN_STRICT_PROTOTYPES = YES;
				CLANG_WARN_SUSPICIOUS_MOVE = YES;
				CLANG_WARN_UNGUARDED_AVAILABILITY = YES_AGGRESSIVE;
				CLANG_WARN_UNREACHABLE_CODE = YES;
				CLANG_WARN__DUPLICATE_METHOD_MATCH = YES;
				COPY_PHASE_STRIP = NO;
				DEBUG_INFORMATION_FORMAT = "dwarf-with-dsym";
				DEVELOPMENT_TEAM = AF365WNGWR;
				ENABLE_NS_ASSERTIONS = NO;
				ENABLE_STRICT_OBJC_MSGSEND = YES;
				ENABLE_USER_SCRIPT_SANDBOXING = YES;
				GCC_C_LANGUAGE_STANDARD = gnu17;
				GCC_NO_COMMON_BLOCKS = YES;
				GCC_WARN_64_TO_32_BIT_CONVERSION = YES;
				GCC_WARN_ABOUT_RETURN_TYPE = YES_ERROR;
				GCC_WARN_UNDECLARED_SELECTOR = YES;
				GCC_WARN_UNINITIALIZED_AUTOS = YES_AGGRESSIVE;
				GCC_WARN_UNUSED_FUNCTION = YES;
				GCC_WARN_UNUSED_VARIABLE = YES;
				IPHONEOS_DEPLOYMENT_TARGET = 26.1;
				LOCALIZATION_PREFERS_STRING_CATALOGS = YES;
				MTL_ENABLE_DEBUG_INFO = NO;
				MTL_FAST_MATH = YES;
				SDKROOT = iphoneos;
				SWIFT_COMPILATION_MODE = wholemodule;
				VALIDATE_PRODUCT = YES;
			};
			name = Release;
		};
/* End XCBuildConfiguration section */

/* Begin XCConfigurationList section */
		4477AF172EC7E858002C274D /* Build configuration list for PBXProject "LETSGO iOS App" */ = {
			isa = XCConfigurationList;
			buildConfigurations = (
				4477AF322EC7E85B002C274D /* Debug */,
				4477AF332EC7E85B002C274D /* Release */,
			);
			defaultConfigurationIsVisible = 0;
			defaultConfigurationName = Release;
		};
		4477AF2F2EC7E85B002C274D /* Build configuration list for PBXNativeTarget "LETSGO iOS App" */ = {
			isa = XCConfigurationList;
			buildConfigurations = (
				4477AF302EC7E85B002C274D /* Debug */,
				4477AF312EC7E85B002C274D /* Release */,
			);
			defaultConfigurationIsVisible = 0;
			defaultConfigurationName = Release;
		};
/* End XCConfigurationList section */

/* Begin XCRemoteSwiftPackageReference section */
		44A3C15E2EEA160D00CDDBFC /* XCRemoteSwiftPackageReference "firebase-ios-sdk" */ = {
			isa = XCRemoteSwiftPackageReference;
			repositoryURL = "https://github.com/firebase/firebase-ios-sdk";
			requirement = {
				kind = upToNextMajorVersion;
				minimumVersion = 12.7.0;
			};
		};
/* End XCRemoteSwiftPackageReference section */

/* Begin XCSwiftPackageProductDependency section */
		44A3C15F2EEA160D00CDDBFC /* FirebaseAnalytics */ = {
			isa = XCSwiftPackageProductDependency;
			package = 44A3C15E2EEA160D00CDDBFC /* XCRemoteSwiftPackageReference "firebase-ios-sdk" */;
			productName = FirebaseAnalytics;
		};
		44A3C1612EEA160D00CDDBFC /* FirebaseAnalyticsCore */ = {
			isa = XCSwiftPackageProductDependency;
			package = 44A3C15E2EEA160D00CDDBFC /* XCRemoteSwiftPackageReference "firebase-ios-sdk" */;
			productName = FirebaseAnalyticsCore;
		};
		44A3C1632EEA160D00CDDBFC /* FirebaseAnalyticsIdentitySupport */ = {
			isa = XCSwiftPackageProductDependency;
			package = 44A3C15E2EEA160D00CDDBFC /* XCRemoteSwiftPackageReference "firebase-ios-sdk" */;
			productName = FirebaseAnalyticsIdentitySupport;
		};
		44A3C1652EEA160D00CDDBFC /* FirebaseAuth */ = {
			isa = XCSwiftPackageProductDependency;
			package = 44A3C15E2EEA160D00CDDBFC /* XCRemoteSwiftPackageReference "firebase-ios-sdk" */;
			productName = FirebaseAuth;
		};
		44A3C1672EEA160D00CDDBFC /* FirebaseAuthCombine-Community */ = {
			isa = XCSwiftPackageProductDependency;
			package = 44A3C15E2EEA160D00CDDBFC /* XCRemoteSwiftPackageReference "firebase-ios-sdk" */;
			productName = "FirebaseAuthCombine-Community";
		};
		44A3C1692EEA160D00CDDBFC /* FirebaseCore */ = {
			isa = XCSwiftPackageProductDependency;
			package = 44A3C15E2EEA160D00CDDBFC /* XCRemoteSwiftPackageReference "firebase-ios-sdk" */;
			productName = FirebaseCore;
		};
		44A3C16B2EEA160D00CDDBFC /* FirebaseDatabase */ = {
			isa = XCSwiftPackageProductDependency;
			package = 44A3C15E2EEA160D00CDDBFC /* XCRemoteSwiftPackageReference "firebase-ios-sdk" */;
			productName = FirebaseDatabase;
		};
		44A3C16D2EEA160D00CDDBFC /* FirebaseFirestore */ = {
			isa = XCSwiftPackageProductDependency;
			package = 44A3C15E2EEA160D00CDDBFC /* XCRemoteSwiftPackageReference "firebase-ios-sdk" */;
			productName = FirebaseFirestore;
		};
		44A3C16F2EEA160D00CDDBFC /* FirebaseFirestoreCombine-Community */ = {
			isa = XCSwiftPackageProductDependency;
			package = 44A3C15E2EEA160D00CDDBFC /* XCRemoteSwiftPackageReference "firebase-ios-sdk" */;
			productName = "FirebaseFirestoreCombine-Community";
		};
		44A3C1712EEA160D00CDDBFC /* FirebaseStorage */ = {
			isa = XCSwiftPackageProductDependency;
			package = 44A3C15E2EEA160D00CDDBFC /* XCRemoteSwiftPackageReference "firebase-ios-sdk" */;
			productName = FirebaseStorage;
		};
		44A3C1732EEA160D00CDDBFC /* FirebaseStorageCombine-Community */ = {
			isa = XCSwiftPackageProductDependency;
			package = 44A3C15E2EEA160D00CDDBFC /* XCRemoteSwiftPackageReference "firebase-ios-sdk" */;
			productName = "FirebaseStorageCombine-Community";
		};
/* End XCSwiftPackageProductDependency section */
	};
	rootObject = 4477AF142EC7E858002C274D /* Project object */;
}
